// !$*UTF8*$!
{
	archiveVersion = 1;
	classes = {
	};
	objectVersion = 46;
	objects = {

/* Begin PBXBuildFile section */
		1F1612E91F64A4CA004AFC6E /* AppDetails.swift in Sources */ = {isa = PBXBuildFile; fileRef = 1F1612E81F64A4CA004AFC6E /* AppDetails.swift */; };
		1F780CEF1F535A41008A67E9 /* AppDelegate.swift in Sources */ = {isa = PBXBuildFile; fileRef = 1F780CEE1F535A41008A67E9 /* AppDelegate.swift */; };
		1F780CF11F535A41008A67E9 /* ViewController.swift in Sources */ = {isa = PBXBuildFile; fileRef = 1F780CF01F535A41008A67E9 /* ViewController.swift */; };
		1F780CF41F535A41008A67E9 /* Main.storyboard in Resources */ = {isa = PBXBuildFile; fileRef = 1F780CF21F535A41008A67E9 /* Main.storyboard */; };
		1F780CF71F535A41008A67E9 /* AppStoreInfo.xcdatamodeld in Sources */ = {isa = PBXBuildFile; fileRef = 1F780CF51F535A41008A67E9 /* AppStoreInfo.xcdatamodeld */; };
		1F780CF91F535A41008A67E9 /* Assets.xcassets in Resources */ = {isa = PBXBuildFile; fileRef = 1F780CF81F535A41008A67E9 /* Assets.xcassets */; };
		1F780CFC1F535A41008A67E9 /* LaunchScreen.storyboard in Resources */ = {isa = PBXBuildFile; fileRef = 1F780CFA1F535A41008A67E9 /* LaunchScreen.storyboard */; };
		1F780D041F535D82008A67E9 /* ImageDownloader.swift in Sources */ = {isa = PBXBuildFile; fileRef = 1F780D031F535D82008A67E9 /* ImageDownloader.swift */; };
		1F780D061F5361EE008A67E9 /* ParseInfo.swift in Sources */ = {isa = PBXBuildFile; fileRef = 1F780D051F5361EE008A67E9 /* ParseInfo.swift */; };
		1F780D081F53892C008A67E9 /* DetailsViewController.swift in Sources */ = {isa = PBXBuildFile; fileRef = 1F780D071F53892C008A67E9 /* DetailsViewController.swift */; };
		1FFDADAE1F66489000015475 /* SavedViewController.swift in Sources */ = {isa = PBXBuildFile; fileRef = 1FFDADAD1F66489000015475 /* SavedViewController.swift */; };
		1FFDADB01F66506000015475 /* CustomCellView.xib in Resources */ = {isa = PBXBuildFile; fileRef = 1FFDADAF1F66506000015475 /* CustomCellView.xib */; };
		1FFDADB21F6653D300015475 /* CustomTableViewCell.swift in Sources */ = {isa = PBXBuildFile; fileRef = 1FFDADB11F6653D300015475 /* CustomTableViewCell.swift */; };
/* End PBXBuildFile section */

/* Begin PBXFileReference section */
		1F1612E81F64A4CA004AFC6E /* AppDetails.swift */ = {isa = PBXFileReference; fileEncoding = 4; lastKnownFileType = sourcecode.swift; path = AppDetails.swift; sourceTree = "<group>"; };
		1F780CEB1F535A41008A67E9 /* AppStoreInfo.app */ = {isa = PBXFileReference; explicitFileType = wrapper.application; includeInIndex = 0; path = AppStoreInfo.app; sourceTree = BUILT_PRODUCTS_DIR; };
		1F780CEE1F535A41008A67E9 /* AppDelegate.swift */ = {isa = PBXFileReference; lastKnownFileType = sourcecode.swift; path = AppDelegate.swift; sourceTree = "<group>"; };
		1F780CF01F535A41008A67E9 /* ViewController.swift */ = {isa = PBXFileReference; lastKnownFileType = sourcecode.swift; path = ViewController.swift; sourceTree = "<group>"; };
		1F780CF31F535A41008A67E9 /* Base */ = {isa = PBXFileReference; lastKnownFileType = file.storyboard; name = Base; path = Base.lproj/Main.storyboard; sourceTree = "<group>"; };
		1F780CF61F535A41008A67E9 /* AppStoreInfo.xcdatamodel */ = {isa = PBXFileReference; lastKnownFileType = wrapper.xcdatamodel; path = AppStoreInfo.xcdatamodel; sourceTree = "<group>"; };
		1F780CF81F535A41008A67E9 /* Assets.xcassets */ = {isa = PBXFileReference; lastKnownFileType = folder.assetcatalog; path = Assets.xcassets; sourceTree = "<group>"; };
		1F780CFB1F535A41008A67E9 /* Base */ = {isa = PBXFileReference; lastKnownFileType = file.storyboard; name = Base; path = Base.lproj/LaunchScreen.storyboard; sourceTree = "<group>"; };
		1F780CFD1F535A41008A67E9 /* Info.plist */ = {isa = PBXFileReference; lastKnownFileType = text.plist.xml; path = Info.plist; sourceTree = "<group>"; };
		1F780D031F535D82008A67E9 /* ImageDownloader.swift */ = {isa = PBXFileReference; fileEncoding = 4; lastKnownFileType = sourcecode.swift; path = ImageDownloader.swift; sourceTree = "<group>"; };
		1F780D051F5361EE008A67E9 /* ParseInfo.swift */ = {isa = PBXFileReference; fileEncoding = 4; lastKnownFileType = sourcecode.swift; path = ParseInfo.swift; sourceTree = "<group>"; };
		1F780D071F53892C008A67E9 /* DetailsViewController.swift */ = {isa = PBXFileReference; fileEncoding = 4; lastKnownFileType = sourcecode.swift; path = DetailsViewController.swift; sourceTree = "<group>"; };
		1FFDADAD1F66489000015475 /* SavedViewController.swift */ = {isa = PBXFileReference; fileEncoding = 4; lastKnownFileType = sourcecode.swift; path = SavedViewController.swift; sourceTree = "<group>"; };
		1FFDADAF1F66506000015475 /* CustomCellView.xib */ = {isa = PBXFileReference; fileEncoding = 4; lastKnownFileType = file.xib; path = CustomCellView.xib; sourceTree = "<group>"; };
		1FFDADB11F6653D300015475 /* CustomTableViewCell.swift */ = {isa = PBXFileReference; fileEncoding = 4; lastKnownFileType = sourcecode.swift; path = CustomTableViewCell.swift; sourceTree = "<group>"; };
/* End PBXFileReference section */

/* Begin PBXFrameworksBuildPhase section */
		1F780CE81F535A41008A67E9 /* Frameworks */ = {
			isa = PBXFrameworksBuildPhase;
			buildActionMask = 2147483647;
			files = (
			);
			runOnlyForDeploymentPostprocessing = 0;
		};
/* End PBXFrameworksBuildPhase section */

/* Begin PBXGroup section */
		1F780CE21F535A41008A67E9 = {
			isa = PBXGroup;
			children = (
				1F780CED1F535A41008A67E9 /* AppStoreInfo */,
				1F780CEC1F535A41008A67E9 /* Products */,
			);
			sourceTree = "<group>";
		};
		1F780CEC1F535A41008A67E9 /* Products */ = {
			isa = PBXGroup;
			children = (
				1F780CEB1F535A41008A67E9 /* AppStoreInfo.app */,
			);
			name = Products;
			sourceTree = "<group>";
		};
		1F780CED1F535A41008A67E9 /* AppStoreInfo */ = {
			isa = PBXGroup;
			children = (
				1F780CEE1F535A41008A67E9 /* AppDelegate.swift */,
				1F780CF01F535A41008A67E9 /* ViewController.swift */,
				1F780D031F535D82008A67E9 /* ImageDownloader.swift */,
				1F780D051F5361EE008A67E9 /* ParseInfo.swift */,
				1F1612E81F64A4CA004AFC6E /* AppDetails.swift */,
				1F780D071F53892C008A67E9 /* DetailsViewController.swift */,
				1FFDADAD1F66489000015475 /* SavedViewController.swift */,
				1FFDADB11F6653D300015475 /* CustomTableViewCell.swift */,
				1F780CF21F535A41008A67E9 /* Main.storyboard */,
				1FFDADAF1F66506000015475 /* CustomCellView.xib */,
				1F780CF81F535A41008A67E9 /* Assets.xcassets */,
				1F780CFA1F535A41008A67E9 /* LaunchScreen.storyboard */,
				1F780CFD1F535A41008A67E9 /* Info.plist */,
				1F780CF51F535A41008A67E9 /* AppStoreInfo.xcdatamodeld */,
			);
			path = AppStoreInfo;
			sourceTree = "<group>";
		};
/* End PBXGroup section */

/* Begin PBXNativeTarget section */
		1F780CEA1F535A41008A67E9 /* AppStoreInfo */ = {
			isa = PBXNativeTarget;
			buildConfigurationList = 1F780D001F535A41008A67E9 /* Build configuration list for PBXNativeTarget "AppStoreInfo" */;
			buildPhases = (
				1F780CE71F535A41008A67E9 /* Sources */,
				1F780CE81F535A41008A67E9 /* Frameworks */,
				1F780CE91F535A41008A67E9 /* Resources */,
			);
			buildRules = (
			);
			dependencies = (
			);
			name = AppStoreInfo;
			productName = AppStoreInfo;
			productReference = 1F780CEB1F535A41008A67E9 /* AppStoreInfo.app */;
			productType = "com.apple.product-type.application";
		};
/* End PBXNativeTarget section */

/* Begin PBXProject section */
		1F780CE31F535A41008A67E9 /* Project object */ = {
			isa = PBXProject;
			attributes = {
				LastSwiftUpdateCheck = 0820;
				LastUpgradeCheck = 0820;
				ORGANIZATIONNAME = "Open Source";
				TargetAttributes = {
					1F780CEA1F535A41008A67E9 = {
						CreatedOnToolsVersion = 8.2.1;
						ProvisioningStyle = Automatic;
					};
				};
			};
			buildConfigurationList = 1F780CE61F535A41008A67E9 /* Build configuration list for PBXProject "AppStoreInfo" */;
			compatibilityVersion = "Xcode 3.2";
			developmentRegion = English;
			hasScannedForEncodings = 0;
			knownRegions = (
				en,
				Base,
			);
			mainGroup = 1F780CE21F535A41008A67E9;
			productRefGroup = 1F780CEC1F535A41008A67E9 /* Products */;
			projectDirPath = "";
			projectRoot = "";
			targets = (
				1F780CEA1F535A41008A67E9 /* AppStoreInfo */,
			);
		};
/* End PBXProject section */

/* Begin PBXResourcesBuildPhase section */
		1F780CE91F535A41008A67E9 /* Resources */ = {
			isa = PBXResourcesBuildPhase;
			buildActionMask = 2147483647;
			files = (
				1F780CFC1F535A41008A67E9 /* LaunchScreen.storyboard in Resources */,
				1FFDADB01F66506000015475 /* CustomCellView.xib in Resources */,
				1F780CF91F535A41008A67E9 /* Assets.xcassets in Resources */,
				1F780CF41F535A41008A67E9 /* Main.storyboard in Resources */,
			);
			runOnlyForDeploymentPostprocessing = 0;
		};
/* End PBXResourcesBuildPhase section */

/* Begin PBXSourcesBuildPhase section */
		1F780CE71F535A41008A67E9 /* Sources */ = {
			isa = PBXSourcesBuildPhase;
			buildActionMask = 2147483647;
			files = (
				1FFDADB21F6653D300015475 /* CustomTableViewCell.swift in Sources */,
				1F780CF11F535A41008A67E9 /* ViewController.swift in Sources */,
				1F780D061F5361EE008A67E9 /* ParseInfo.swift in Sources */,
				1F780CF71F535A41008A67E9 /* AppStoreInfo.xcdatamodeld in Sources */,
				1F780D041F535D82008A67E9 /* ImageDownloader.swift in Sources */,
				1F780CEF1F535A41008A67E9 /* AppDelegate.swift in Sources */,
				1F780D081F53892C008A67E9 /* DetailsViewController.swift in Sources */,
				1FFDADAE1F66489000015475 /* SavedViewController.swift in Sources */,
				1F1612E91F64A4CA004AFC6E /* AppDetails.swift in Sources */,
			);
			runOnlyForDeploymentPostprocessing = 0;
		};
/* End PBXSourcesBuildPhase section */

/* Begin PBXVariantGroup section */
		1F780CF21F535A41008A67E9 /* Main.storyboard */ = {
			isa = PBXVariantGroup;
			children = (
				1F780CF31F535A41008A67E9 /* Base */,
			);
			name = Main.storyboard;
			sourceTree = "<group>";
		};
		1F780CFA1F535A41008A67E9 /* LaunchScreen.storyboard */ = {
			isa = PBXVariantGroup;
			children = (
				1F780CFB1F535A41008A67E9 /* Base */,
			);
			name = LaunchScreen.storyboard;
			sourceTree = "<group>";
		};
/* End PBXVariantGroup section */

/* Begin XCBuildConfiguration section */
		1F780CFE1F535A41008A67E9 /* Debug */ = {
			isa = XCBuildConfiguration;
			buildSettings = {
				ALWAYS_SEARCH_USER_PATHS = NO;
				CLANG_ANALYZER_NONNULL = YES;
				CLANG_CXX_LANGUAGE_STANDARD = "gnu++0x";
				CLANG_CXX_LIBRARY = "libc++";
				CLANG_ENABLE_MODULES = YES;
				CLANG_ENABLE_OBJC_ARC = YES;
				CLANG_WARN_BOOL_CONVERSION = YES;
				CLANG_WARN_CONSTANT_CONVERSION = YES;
				CLANG_WARN_DIRECT_OBJC_ISA_USAGE = YES_ERROR;
				CLANG_WARN_DOCUMENTATION_COMMENTS = YES;
				CLANG_WARN_EMPTY_BODY = YES;
				CLANG_WARN_ENUM_CONVERSION = YES;
				CLANG_WARN_INFINITE_RECURSION = YES;
				CLANG_WARN_INT_CONVERSION = YES;
				CLANG_WARN_OBJC_ROOT_CLASS = YES_ERROR;
				CLANG_WARN_SUSPICIOUS_MOVE = YES;
				CLANG_WARN_UNREACHABLE_CODE = YES;
				CLANG_WARN__DUPLICATE_METHOD_MATCH = YES;
				"CODE_SIGN_IDENTITY[sdk=iphoneos*]" = "iPhone Developer";
				COPY_PHASE_STRIP = NO;
				DEBUG_INFORMATION_FORMAT = dwarf;
				ENABLE_STRICT_OBJC_MSGSEND = YES;
				ENABLE_TESTABILITY = YES;
				GCC_C_LANGUAGE_STANDARD = gnu99;
				GCC_DYNAMIC_NO_PIC = NO;
				GCC_NO_COMMON_BLOCKS = YES;
				GCC_OPTIMIZATION_LEVEL = 0;
				GCC_PREPROCESSOR_DEFINITIONS = (
					"DEBUG=1",
					"$(inherited)",
				);
				GCC_WARN_64_TO_32_BIT_CONVERSION = YES;
				GCC_WARN_ABOUT_RETURN_TYPE = YES_ERROR;
				GCC_WARN_UNDECLARED_SELECTOR = YES;
				GCC_WARN_UNINITIALIZED_AUTOS = YES_AGGRESSIVE;
				GCC_WARN_UNUSED_FUNCTION = YES;
				GCC_WARN_UNUSED_VARIABLE = YES;
				IPHONEOS_DEPLOYMENT_TARGET = 10.2;
				MTL_ENABLE_DEBUG_INFO = YES;
				ONLY_ACTIVE_ARCH = YES;
				SDKROOT = iphoneos;
				SWIFT_ACTIVE_COMPILATION_CONDITIONS = DEBUG;
				SWIFT_OPTIMIZATION_LEVEL = "-Onone";
				TARGETED_DEVICE_FAMILY = "1,2";
			};
			name = Debug;
		};
		1F780CFF1F535A41008A67E9 /* Release */ = {
			isa = XCBuildConfiguration;
			buildSettings = {
				ALWAYS_SEARCH_USER_PATHS = NO;
				CLANG_ANALYZER_NONNULL = YES;
				CLANG_CXX_LANGUAGE_STANDARD = "gnu++0x";
				CLANG_CXX_LIBRARY = "libc++";
				CLANG_ENABLE_MODULES = YES;
				CLANG_ENABLE_OBJC_ARC = YES;
				CLANG_WARN_BOOL_CONVERSION = YES;
				CLANG_WARN_CONSTANT_CONVERSION = YES;
				CLANG_WARN_DIRECT_OBJC_ISA_USAGE = YES_ERROR;
				CLANG_WARN_DOCUMENTATION_COMMENTS = YES;
				CLANG_WARN_EMPTY_BODY = YES;
				CLANG_WARN_ENUM_CONVERSION = YES;
				CLANG_WARN_INFINITE_RECURSION = YES;
				CLANG_WARN_INT_CONVERSION = YES;
				CLANG_WARN_OBJC_ROOT_CLASS = YES_ERROR;
				CLANG_WARN_SUSPICIOUS_MOVE = YES;
				CLANG_WARN_UNREACHABLE_CODE = YES;
				CLANG_WARN__DUPLICATE_METHOD_MATCH = YES;
				"CODE_SIGN_IDENTITY[sdk=iphoneos*]" = "iPhone Developer";
				COPY_PHASE_STRIP = NO;
				DEBUG_INFORMATION_FORMAT = "dwarf-with-dsym";
				ENABLE_NS_ASSERTIONS = NO;
				ENABLE_STRICT_OBJC_MSGSEND = YES;
				GCC_C_LANGUAGE_STANDARD = gnu99;
				GCC_NO_COMMON_BLOCKS = YES;
				GCC_WARN_64_TO_32_BIT_CONVERSION = YES;
				GCC_WARN_ABOUT_RETURN_TYPE = YES_ERROR;
				GCC_WARN_UNDECLARED_SELECTOR = YES;
				GCC_WARN_UNINITIALIZED_AUTOS = YES_AGGRESSIVE;
				GCC_WARN_UNUSED_FUNCTION = YES;
				GCC_WARN_UNUSED_VARIABLE = YES;
				IPHONEOS_DEPLOYMENT_TARGET = 10.2;
				MTL_ENABLE_DEBUG_INFO = NO;
				SDKROOT = iphoneos;
				SWIFT_OPTIMIZATION_LEVEL = "-Owholemodule";
				TARGETED_DEVICE_FAMILY = "1,2";
				VALIDATE_PRODUCT = YES;
			};
			name = Release;
		};
		1F780D011F535A41008A67E9 /* Debug */ = {
			isa = XCBuildConfiguration;
			buildSettings = {
				ASSETCATALOG_COMPILER_APPICON_NAME = AppIcon;
				INFOPLIST_FILE = AppStoreInfo/Info.plist;
				LD_RUNPATH_SEARCH_PATHS = "$(inherited) @executable_path/Frameworks";
				PRODUCT_BUNDLE_IDENTIFIER = com.open.AppStoreInfo;
				PRODUCT_NAME = "$(TARGET_NAME)";
				SWIFT_VERSION = 3.0;
			};
			name = Debug;
		};
		1F780D021F535A41008A67E9 /* Release */ = {
			isa = XCBuildConfiguration;
			buildSettings = {
				ASSETCATALOG_COMPILER_APPICON_NAME = AppIcon;
				INFOPLIST_FILE = AppStoreInfo/Info.plist;
				LD_RUNPATH_SEARCH_PATHS = "$(inherited) @executable_path/Frameworks";
				PRODUCT_BUNDLE_IDENTIFIER = com.open.AppStoreInfo;
				PRODUCT_NAME = "$(TARGET_NAME)";
				SWIFT_VERSION = 3.0;
			};
			name = Release;
		};
/* End XCBuildConfiguration section */

/* Begin XCConfigurationList section */
		1F780CE61F535A41008A67E9 /* Build configuration list for PBXProject "AppStoreInfo" */ = {
			isa = XCConfigurationList;
			buildConfigurations = (
				1F780CFE1F535A41008A67E9 /* Debug */,
				1F780CFF1F535A41008A67E9 /* Release */,
			);
			defaultConfigurationIsVisible = 0;
			defaultConfigurationName = Release;
		};
		1F780D001F535A41008A67E9 /* Build configuration list for PBXNativeTarget "AppStoreInfo" */ = {
			isa = XCConfigurationList;
			buildConfigurations = (
				1F780D011F535A41008A67E9 /* Debug */,
				1F780D021F535A41008A67E9 /* Release */,
			);
			defaultConfigurationIsVisible = 0;
			defaultConfigurationName = Release;
		};
/* End XCConfigurationList section */

/* Begin XCVersionGroup section */
		1F780CF51F535A41008A67E9 /* AppStoreInfo.xcdatamodeld */ = {
			isa = XCVersionGroup;
			children = (
				1F780CF61F535A41008A67E9 /* AppStoreInfo.xcdatamodel */,
			);
			currentVersion = 1F780CF61F535A41008A67E9 /* AppStoreInfo.xcdatamodel */;
			path = AppStoreInfo.xcdatamodeld;
			sourceTree = "<group>";
			versionGroupType = wrapper.xcdatamodel;
		};
/* End XCVersionGroup section */
	};
	rootObject = 1F780CE31F535A41008A67E9 /* Project object */;
}
